
Microsoft Visual Studio Solution File, Format Version 12.00
# Visual Studio 15
VisualStudioVersion = 15.0.28010.2003
MinimumVisualStudioVersion = 10.0.40219.1
Project("{FAE04EC0-301F-11D3-BF4B-00C04F79EFBC}") = "CameraUndistortion", "CameraUndistortion\CameraUndistortion.csproj", "{C757312B-A9E8-4509-93ED-3A7E27415F06}"
EndProject
Project("{FAE04EC0-301F-11D3-BF4B-00C04F79EFBC}") = "GuideDogDetect", "GuideDogDetect\GuideDogDetect.csproj", "{B744D325-17B0-4CBD-A7B3-C0DE0AC3DF9C}"
EndProject
Project("{FAE04EC0-301F-11D3-BF4B-00C04F79EFBC}") = "NumberPlateDetect", "NumberPlateDetect\NumberPlateDetect.csproj", "{948AFB6F-83C1-490E-9330-AB569D622B39}"
EndProject
Global
	GlobalSection(SolutionConfigurationPlatforms) = preSolution
		Debug|Any CPU = Debug|Any CPU
		Release|Any CPU = Release|Any CPU
	EndGlobalSection
	GlobalSection(ProjectConfigurationPlatforms) = postSolution
		{C757312B-A9E8-4509-93ED-3A7E27415F06}.Debug|Any CPU.ActiveCfg = Debug|Any CPU
		{C757312B-A9E8-4509-93ED-3A7E27415F06}.Debug|Any CPU.Build.0 = Debug|Any CPU
		{C757312B-A9E8-4509-93ED-3A7E27415F06}.Release|Any CPU.ActiveCfg = Release|Any CPU
		{C757312B-A9E8-4509-93ED-3A7E27415F06}.Release|Any CPU.Build.0 = Release|Any CPU
		{B744D325-17B0-4CBD-A7B3-C0DE0AC3DF9C}.Debug|Any CPU.ActiveCfg = Debug|Any CPU
		{B744D325-17B0-4CBD-A7B3-C0DE0AC3DF9C}.Debug|Any CPU.Build.0 = Debug|Any CPU
		{B744D325-17B0-4CBD-A7B3-C0DE0AC3DF9C}.Release|Any CPU.ActiveCfg = Release|Any CPU
		{B744D325-17B0-4CBD-A7B3-C0DE0AC3DF9C}.Release|Any CPU.Build.0 = Release|Any CPU
		{948AFB6F-83C1-490E-9330-AB569D622B39}.Debug|Any CPU.ActiveCfg = Debug|Any CPU
		{948AFB6F-83C1-490E-9330-AB569D622B39}.Debug|Any CPU.Build.0 = Debug|Any CPU
		{948AFB6F-83C1-490E-9330-AB569D622B39}.Release|Any CPU.ActiveCfg = Release|Any CPU
		{948AFB6F-83C1-490E-9330-AB569D622B39}.Release|Any CPU.Build.0 = Release|Any CPU
	EndGlobalSection
	GlobalSection(SolutionProperties) = preSolution
		HideSolutionNode = FALSE
	EndGlobalSection
	GlobalSection(ExtensibilityGlobals) = postSolution
		SolutionGuid = {7AE2EEF4-B951-4FEF-898D-50558C33C8AF}
	EndGlobalSection
EndGlobal
